Microsoft Visual Studio Solution File, Format Version 12.00
# Visual Studio Version 17
VisualStudioVersion = 17.5.2.0
MinimumVisualStudioVersion = 10.0.40219.1
Project("{FAE04EC0-301F-11D3-BF4B-00C04F79EFBC}") = "EpochDropsUploader", "EpochDropsUploader.csproj", "{E2A41C30-784E-2EB3-3CF7-F1CABA369F7F}"
EndProject
Global
	GlobalSection(SolutionConfigurationPlatforms) = preSolution
		Debug|Any CPU = Debug|Any CPU
		Release|Any CPU = Release|Any CPU
	EndGlobalSection
	GlobalSection(ProjectConfigurationPlatforms) = postSolution
		{E2A41C30-784E-2EB3-3CF7-F1CABA369F7F}.Debug|Any CPU.ActiveCfg = Debug|Any CPU
		{E2A41C30-784E-2EB3-3CF7-F1CABA369F7F}.Debug|Any CPU.Build.0 = Debug|Any CPU
		{E2A41C30-784E-2EB3-3CF7-F1CABA369F7F}.Release|Any CPU.ActiveCfg = Release|Any CPU
		{E2A41C30-784E-2EB3-3CF7-F1CABA369F7F}.Release|Any CPU.Build.0 = Release|Any CPU
	EndGlobalSection
	GlobalSection(SolutionProperties) = preSolution
		HideSolutionNode = FALSE
	EndGlobalSection
	GlobalSection(ExtensibilityGlobals) = postSolution
		SolutionGuid = {FA1913B0-1E9F-43BE-8C7D-0012B7C87CEF}
	EndGlobalSection
EndGlobal
